github.com/desandro/imagesloaded v5.0.0+incompatible h1:mIo9zSG+/h2PXyS0CY5hCO5+pRSga34tngLd815r5s0=
github.com/desandro/imagesloaded v5.0.0+incompatible/go.mod h1:fN07JlhgTPzylG+onkebmhMYZrUoCmOF079nCf4kTHw=
github.com/desandro/masonry v4.2.2+incompatible h1:4LI69kwq5DJSF9jhHVGfCw+q2Nt3IgJ0KzEp19Z3YiA=
github.com/desandro/masonry v4.2.2+incompatible/go.mod h1:4P4Or5YZcNuAtGW3JOYLTrmi+ZyqhCPj7xTgradMEVU=
